// !$*UTF8*$!
{
	archiveVersion = 1;
	classes = {
	};
	objectVersion = 51;
	objects = {

/* Begin PBXBuildFile section */
		0B0AA8C823B2138500487ACE /* Beranda.swift in Sources */ = {isa = PBXBuildFile; fileRef = 0B0AA8C723B2138500487ACE /* Beranda.swift */; };
		0B0AA8CB23B21AAD00487ACE /* Pesan.swift in Sources */ = {isa = PBXBuildFile; fileRef = 0B0AA8CA23B21AAD00487ACE /* Pesan.swift */; };
		0B1E335525DE8E27000558B6 /* FirstController.swift in Sources */ = {isa = PBXBuildFile; fileRef = 0B1E335425DE8E27000558B6 /* FirstController.swift */; };
		0B1E335D25DE9B65000558B6 /* DebuggerSwiftUI.swift in Sources */ = {isa = PBXBuildFile; fileRef = 0B1E335C25DE9B65000558B6 /* DebuggerSwiftUI.swift */; };
		0B1E336225DFC653000558B6 /* WelcomeController.swift in Sources */ = {isa = PBXBuildFile; fileRef = 0B1E336125DFC652000558B6 /* WelcomeController.swift */; };
		0B259B1023ABA5CF00364DBE /* AppDelegate.swift in Sources */ = {isa = PBXBuildFile; fileRef = 0B259B0F23ABA5CF00364DBE /* AppDelegate.swift */; };
		0B259B1223ABA5CF00364DBE /* ViewController.swift in Sources */ = {isa = PBXBuildFile; fileRef = 0B259B1123ABA5CF00364DBE /* ViewController.swift */; };
		0B259B1523ABA5CF00364DBE /* Main.storyboard in Resources */ = {isa = PBXBuildFile; fileRef = 0B259B1323ABA5CF00364DBE /* Main.storyboard */; };
		0B259B1723ABA5D900364DBE /* Assets.xcassets in Resources */ = {isa = PBXBuildFile; fileRef = 0B259B1623ABA5D900364DBE /* Assets.xcassets */; };
		0B259B1A23ABA5D900364DBE /* LaunchScreen.storyboard in Resources */ = {isa = PBXBuildFile; fileRef = 0B259B1823ABA5D900364DBE /* LaunchScreen.storyboard */; };
		0B259B2523ABA5D900364DBE /* ProgrammaticPageControlTests.swift in Sources */ = {isa = PBXBuildFile; fileRef = 0B259B2423ABA5D900364DBE /* ProgrammaticPageControlTests.swift */; };
		0B259B3023ABA5D900364DBE /* ProgrammaticPageControlUITests.swift in Sources */ = {isa = PBXBuildFile; fileRef = 0B259B2F23ABA5D900364DBE /* ProgrammaticPageControlUITests.swift */; };
		0B3B2CB123AE635900A1A4EC /* HomeTabBarController.swift in Sources */ = {isa = PBXBuildFile; fileRef = 0B3B2CB023AE635900A1A4EC /* HomeTabBarController.swift */; };
		0B5EF01723AC6B3F002132A6 /* SwipingController.swift in Sources */ = {isa = PBXBuildFile; fileRef = 0B5EF01623AC6B3F002132A6 /* SwipingController.swift */; };
		0B5EF01923AC7413002132A6 /* PageCell.swift in Sources */ = {isa = PBXBuildFile; fileRef = 0B5EF01823AC7413002132A6 /* PageCell.swift */; };
		0B5EF01B23AC7BE6002132A6 /* Page.swift in Sources */ = {isa = PBXBuildFile; fileRef = 0B5EF01A23AC7BE6002132A6 /* Page.swift */; };
		0BD8E4A123B463C7003AB33C /* UIConstraints.swift in Sources */ = {isa = PBXBuildFile; fileRef = 0BD8E4A023B463C7003AB33C /* UIConstraints.swift */; };
		0BD8E4A323B463E7003AB33C /* UIColor.swift in Sources */ = {isa = PBXBuildFile; fileRef = 0BD8E4A223B463E7003AB33C /* UIColor.swift */; };
		0BD8E4A523B4B7E1003AB33C /* FirstCell.swift in Sources */ = {isa = PBXBuildFile; fileRef = 0BD8E4A423B4B7E1003AB33C /* FirstCell.swift */; };
		7E8A5BE69D1DB613C85E123E /* Pods_ProgrammaticPageControlTests.framework in Frameworks */ = {isa = PBXBuildFile; fileRef = DB556F056EDBFFEB5CF3BCAE /* Pods_ProgrammaticPageControlTests.framework */; };
		97D48B3696752A9DE281CE89 /* Pods_ProgrammaticPageControl.framework in Frameworks */ = {isa = PBXBuildFile; fileRef = B6425ED7D524BDFE4AD18172 /* Pods_ProgrammaticPageControl.framework */; };
		DD28B2FBE1521E887FDE8832 /* Pods_ProgrammaticPageControl_ProgrammaticPageControlUITests.framework in Frameworks */ = {isa = PBXBuildFile; fileRef = 8C677F7B86DFC80E7C734240 /* Pods_ProgrammaticPageControl_ProgrammaticPageControlUITests.framework */; };
		FA915C292436F397003E6784 /* Switcher.swift in Sources */ = {isa = PBXBuildFile; fileRef = FA915C282436F397003E6784 /* Switcher.swift */; };
		FAB2D06D23F253500051F3D6 /* MainTopTabBar.swift in Sources */ = {isa = PBXBuildFile; fileRef = FAB2D06C23F253500051F3D6 /* MainTopTabBar.swift */; };
		FAB2D06F23F266A90051F3D6 /* Child1.swift in Sources */ = {isa = PBXBuildFile; fileRef = FAB2D06E23F266A90051F3D6 /* Child1.swift */; };
		FAB2D07123F266BB0051F3D6 /* Child2.swift in Sources */ = {isa = PBXBuildFile; fileRef = FAB2D07023F266BB0051F3D6 /* Child2.swift */; };
		FAB2D07323F266CF0051F3D6 /* Child3.swift in Sources */ = {isa = PBXBuildFile; fileRef = FAB2D07223F266CF0051F3D6 /* Child3.swift */; };
		FAB2D07523F266DF0051F3D6 /* Child4.swift in Sources */ = {isa = PBXBuildFile; fileRef = FAB2D07423F266DF0051F3D6 /* Child4.swift */; };
		FAB2D07723F266F10051F3D6 /* Child5.swift in Sources */ = {isa = PBXBuildFile; fileRef = FAB2D07623F266F10051F3D6 /* Child5.swift */; };
		FAB2D07A23F300540051F3D6 /* TopTabBarMain.swift in Sources */ = {isa = PBXBuildFile; fileRef = FAB2D07923F300540051F3D6 /* TopTabBarMain.swift */; };
		FAB2D07C23F300670051F3D6 /* ChildOne.swift in Sources */ = {isa = PBXBuildFile; fileRef = FAB2D07B23F300670051F3D6 /* ChildOne.swift */; };
		FAB2D07E23F300750051F3D6 /* ChildTwo.swift in Sources */ = {isa = PBXBuildFile; fileRef = FAB2D07D23F300750051F3D6 /* ChildTwo.swift */; };
		FAB2D08023F300850051F3D6 /* ChildThree.swift in Sources */ = {isa = PBXBuildFile; fileRef = FAB2D07F23F300850051F3D6 /* ChildThree.swift */; };
		FAB2D08223F300940051F3D6 /* ChildFour.swift in Sources */ = {isa = PBXBuildFile; fileRef = FAB2D08123F300940051F3D6 /* ChildFour.swift */; };
		FAB2D08423F300A40051F3D6 /* ChildFive.swift in Sources */ = {isa = PBXBuildFile; fileRef = FAB2D08323F300A40051F3D6 /* ChildFive.swift */; };
		FAFD6729243CC1FA0036A93D /* Captcha.swift in Sources */ = {isa = PBXBuildFile; fileRef = FAFD6728243CC1FA0036A93D /* Captcha.swift */; };
		FAFD672B243CC2590036A93D /* UIViewExtension.swift in Sources */ = {isa = PBXBuildFile; fileRef = FAFD672A243CC2590036A93D /* UIViewExtension.swift */; };
		FAFD672D243CC2D40036A93D /* Utilities.swift in Sources */ = {isa = PBXBuildFile; fileRef = FAFD672C243CC2D40036A93D /* Utilities.swift */; };
/* End PBXBuildFile section */

/* Begin PBXContainerItemProxy section */
		0B259B2123ABA5D900364DBE /* PBXContainerItemProxy */ = {
			isa = PBXContainerItemProxy;
			containerPortal = 0B259B0423ABA5CF00364DBE /* Project object */;
			proxyType = 1;
			remoteGlobalIDString = 0B259B0B23ABA5CF00364DBE;
			remoteInfo = ProgrammaticPageControl;
		};
		0B259B2C23ABA5D900364DBE /* PBXContainerItemProxy */ = {
			isa = PBXContainerItemProxy;
			containerPortal = 0B259B0423ABA5CF00364DBE /* Project object */;
			proxyType = 1;
			remoteGlobalIDString = 0B259B0B23ABA5CF00364DBE;
			remoteInfo = ProgrammaticPageControl;
		};
/* End PBXContainerItemProxy section */

/* Begin PBXFileReference section */
		0B0AA8C723B2138500487ACE /* Beranda.swift */ = {isa = PBXFileReference; lastKnownFileType = sourcecode.swift; path = Beranda.swift; sourceTree = "<group>"; };
		0B0AA8CA23B21AAD00487ACE /* Pesan.swift */ = {isa = PBXFileReference; lastKnownFileType = sourcecode.swift; path = Pesan.swift; sourceTree = "<group>"; };
		0B1E335425DE8E27000558B6 /* FirstController.swift */ = {isa = PBXFileReference; lastKnownFileType = sourcecode.swift; path = FirstController.swift; sourceTree = "<group>"; };
		0B1E335C25DE9B65000558B6 /* DebuggerSwiftUI.swift */ = {isa = PBXFileReference; lastKnownFileType = sourcecode.swift; path = DebuggerSwiftUI.swift; sourceTree = "<group>"; };
		0B1E336125DFC652000558B6 /* WelcomeController.swift */ = {isa = PBXFileReference; lastKnownFileType = sourcecode.swift; path = WelcomeController.swift; sourceTree = "<group>"; };
		0B259B0C23ABA5CF00364DBE /* ProgrammaticPageControl.app */ = {isa = PBXFileReference; explicitFileType = wrapper.application; includeInIndex = 0; path = ProgrammaticPageControl.app; sourceTree = BUILT_PRODUCTS_DIR; };
		0B259B0F23ABA5CF00364DBE /* AppDelegate.swift */ = {isa = PBXFileReference; lastKnownFileType = sourcecode.swift; path = AppDelegate.swift; sourceTree = "<group>"; };
		0B259B1123ABA5CF00364DBE /* ViewController.swift */ = {isa = PBXFileReference; lastKnownFileType = sourcecode.swift; path = ViewController.swift; sourceTree = "<group>"; };
		0B259B1423ABA5CF00364DBE /* Base */ = {isa = PBXFileReference; lastKnownFileType = file.storyboard; name = Base; path = Base.lproj/Main.storyboard; sourceTree = "<group>"; };
		0B259B1623ABA5D900364DBE /* Assets.xcassets */ = {isa = PBXFileReference; lastKnownFileType = folder.assetcatalog; path = Assets.xcassets; sourceTree = "<group>"; };
		0B259B1923ABA5D900364DBE /* Base */ = {isa = PBXFileReference; lastKnownFileType = file.storyboard; name = Base; path = Base.lproj/LaunchScreen.storyboard; sourceTree = "<group>"; };
		0B259B1B23ABA5D900364DBE /* Info.plist */ = {isa = PBXFileReference; lastKnownFileType = text.plist.xml; path = Info.plist; sourceTree = "<group>"; };
		0B259B2023ABA5D900364DBE /* ProgrammaticPageControlTests.xctest */ = {isa = PBXFileReference; explicitFileType = wrapper.cfbundle; includeInIndex = 0; path = ProgrammaticPageControlTests.xctest; sourceTree = BUILT_PRODUCTS_DIR; };
		0B259B2423ABA5D900364DBE /* ProgrammaticPageControlTests.swift */ = {isa = PBXFileReference; lastKnownFileType = sourcecode.swift; path = ProgrammaticPageControlTests.swift; sourceTree = "<group>"; };
		0B259B2623ABA5D900364DBE /* Info.plist */ = {isa = PBXFileReference; lastKnownFileType = text.plist.xml; path = Info.plist; sourceTree = "<group>"; };
		0B259B2B23ABA5D900364DBE /* ProgrammaticPageControlUITests.xctest */ = {isa = PBXFileReference; explicitFileType = wrapper.cfbundle; includeInIndex = 0; path = ProgrammaticPageControlUITests.xctest; sourceTree = BUILT_PRODUCTS_DIR; };
		0B259B2F23ABA5D900364DBE /* ProgrammaticPageControlUITests.swift */ = {isa = PBXFileReference; lastKnownFileType = sourcecode.swift; path = ProgrammaticPageControlUITests.swift; sourceTree = "<group>"; };
		0B259B3123ABA5D900364DBE /* Info.plist */ = {isa = PBXFileReference; lastKnownFileType = text.plist.xml; path = Info.plist; sourceTree = "<group>"; };
		0B3B2CB023AE635900A1A4EC /* HomeTabBarController.swift */ = {isa = PBXFileReference; lastKnownFileType = sourcecode.swift; path = HomeTabBarController.swift; sourceTree = "<group>"; };
		0B5EF01623AC6B3F002132A6 /* SwipingController.swift */ = {isa = PBXFileReference; lastKnownFileType = sourcecode.swift; path = SwipingController.swift; sourceTree = "<group>"; };
		0B5EF01823AC7413002132A6 /* PageCell.swift */ = {isa = PBXFileReference; lastKnownFileType = sourcecode.swift; path = PageCell.swift; sourceTree = "<group>"; };
		0B5EF01A23AC7BE6002132A6 /* Page.swift */ = {isa = PBXFileReference; lastKnownFileType = sourcecode.swift; path = Page.swift; sourceTree = "<group>"; };
		0BD8E4A023B463C7003AB33C /* UIConstraints.swift */ = {isa = PBXFileReference; lastKnownFileType = sourcecode.swift; path = UIConstraints.swift; sourceTree = "<group>"; };
		0BD8E4A223B463E7003AB33C /* UIColor.swift */ = {isa = PBXFileReference; lastKnownFileType = sourcecode.swift; path = UIColor.swift; sourceTree = "<group>"; };
		0BD8E4A423B4B7E1003AB33C /* FirstCell.swift */ = {isa = PBXFileReference; lastKnownFileType = sourcecode.swift; path = FirstCell.swift; sourceTree = "<group>"; };
		0C5E41548540C547D4A3ADC9 /* Pods-ProgrammaticPageControl-ProgrammaticPageControlUITests.release.xcconfig */ = {isa = PBXFileReference; includeInIndex = 1; lastKnownFileType = text.xcconfig; name = "Pods-ProgrammaticPageControl-ProgrammaticPageControlUITests.release.xcconfig"; path = "Target Support Files/Pods-ProgrammaticPageControl-ProgrammaticPageControlUITests/Pods-ProgrammaticPageControl-ProgrammaticPageControlUITests.release.xcconfig"; sourceTree = "<group>"; };
		2D4AD157F8D6DD68443F805D /* Pods-ProgrammaticPageControl.release.xcconfig */ = {isa = PBXFileReference; includeInIndex = 1; lastKnownFileType = text.xcconfig; name = "Pods-ProgrammaticPageControl.release.xcconfig"; path = "Target Support Files/Pods-ProgrammaticPageControl/Pods-ProgrammaticPageControl.release.xcconfig"; sourceTree = "<group>"; };
		3136595AA084326F3EABF000 /* Pods-ProgrammaticPageControl-ProgrammaticPageControlUITests.debug.xcconfig */ = {isa = PBXFileReference; includeInIndex = 1; lastKnownFileType = text.xcconfig; name = "Pods-ProgrammaticPageControl-ProgrammaticPageControlUITests.debug.xcconfig"; path = "Target Support Files/Pods-ProgrammaticPageControl-ProgrammaticPageControlUITests/Pods-ProgrammaticPageControl-ProgrammaticPageControlUITests.debug.xcconfig"; sourceTree = "<group>"; };
		8C677F7B86DFC80E7C734240 /* Pods_ProgrammaticPageControl_ProgrammaticPageControlUITests.framework */ = {isa = PBXFileReference; explicitFileType = wrapper.framework; includeInIndex = 0; path = Pods_ProgrammaticPageControl_ProgrammaticPageControlUITests.framework; sourceTree = BUILT_PRODUCTS_DIR; };
		98393380DFEF407499CB19FD /* Pods-ProgrammaticPageControl.debug.xcconfig */ = {isa = PBXFileReference; includeInIndex = 1; lastKnownFileType = text.xcconfig; name = "Pods-ProgrammaticPageControl.debug.xcconfig"; path = "Target Support Files/Pods-ProgrammaticPageControl/Pods-ProgrammaticPageControl.debug.xcconfig"; sourceTree = "<group>"; };
		B6425ED7D524BDFE4AD18172 /* Pods_ProgrammaticPageControl.framework */ = {isa = PBXFileReference; explicitFileType = wrapper.framework; includeInIndex = 0; path = Pods_ProgrammaticPageControl.framework; sourceTree = BUILT_PRODUCTS_DIR; };
		C8AB134314AED6D420063B94 /* Pods-ProgrammaticPageControlTests.release.xcconfig */ = {isa = PBXFileReference; includeInIndex = 1; lastKnownFileType = text.xcconfig; name = "Pods-ProgrammaticPageControlTests.release.xcconfig"; path = "Target Support Files/Pods-ProgrammaticPageControlTests/Pods-ProgrammaticPageControlTests.release.xcconfig"; sourceTree = "<group>"; };
		DB556F056EDBFFEB5CF3BCAE /* Pods_ProgrammaticPageControlTests.framework */ = {isa = PBXFileReference; explicitFileType = wrapper.framework; includeInIndex = 0; path = Pods_ProgrammaticPageControlTests.framework; sourceTree = BUILT_PRODUCTS_DIR; };
		F1E6F7C71D14FDC33B5EE2E3 /* Pods-ProgrammaticPageControlTests.debug.xcconfig */ = {isa = PBXFileReference; includeInIndex = 1; lastKnownFileType = text.xcconfig; name = "Pods-ProgrammaticPageControlTests.debug.xcconfig"; path = "Target Support Files/Pods-ProgrammaticPageControlTests/Pods-ProgrammaticPageControlTests.debug.xcconfig"; sourceTree = "<group>"; };
		FA915C282436F397003E6784 /* Switcher.swift */ = {isa = PBXFileReference; lastKnownFileType = sourcecode.swift; path = Switcher.swift; sourceTree = "<group>"; };
		FAB2D06C23F253500051F3D6 /* MainTopTabBar.swift */ = {isa = PBXFileReference; lastKnownFileType = sourcecode.swift; path = MainTopTabBar.swift; sourceTree = "<group>"; };
		FAB2D06E23F266A90051F3D6 /* Child1.swift */ = {isa = PBXFileReference; lastKnownFileType = sourcecode.swift; path = Child1.swift; sourceTree = "<group>"; };
		FAB2D07023F266BB0051F3D6 /* Child2.swift */ = {isa = PBXFileReference; lastKnownFileType = sourcecode.swift; path = Child2.swift; sourceTree = "<group>"; };
		FAB2D07223F266CF0051F3D6 /* Child3.swift */ = {isa = PBXFileReference; lastKnownFileType = sourcecode.swift; path = Child3.swift; sourceTree = "<group>"; };
		FAB2D07423F266DF0051F3D6 /* Child4.swift */ = {isa = PBXFileReference; lastKnownFileType = sourcecode.swift; path = Child4.swift; sourceTree = "<group>"; };
		FAB2D07623F266F10051F3D6 /* Child5.swift */ = {isa = PBXFileReference; lastKnownFileType = sourcecode.swift; path = Child5.swift; sourceTree = "<group>"; };
		FAB2D07923F300540051F3D6 /* TopTabBarMain.swift */ = {isa = PBXFileReference; lastKnownFileType = sourcecode.swift; path = TopTabBarMain.swift; sourceTree = "<group>"; };
		FAB2D07B23F300670051F3D6 /* ChildOne.swift */ = {isa = PBXFileReference; lastKnownFileType = sourcecode.swift; path = ChildOne.swift; sourceTree = "<group>"; };
		FAB2D07D23F300750051F3D6 /* ChildTwo.swift */ = {isa = PBXFileReference; lastKnownFileType = sourcecode.swift; path = ChildTwo.swift; sourceTree = "<group>"; };
		FAB2D07F23F300850051F3D6 /* ChildThree.swift */ = {isa = PBXFileReference; lastKnownFileType = sourcecode.swift; path = ChildThree.swift; sourceTree = "<group>"; };
		FAB2D08123F300940051F3D6 /* ChildFour.swift */ = {isa = PBXFileReference; lastKnownFileType = sourcecode.swift; path = ChildFour.swift; sourceTree = "<group>"; };
		FAB2D08323F300A40051F3D6 /* ChildFive.swift */ = {isa = PBXFileReference; lastKnownFileType = sourcecode.swift; path = ChildFive.swift; sourceTree = "<group>"; };
		FAFD6728243CC1FA0036A93D /* Captcha.swift */ = {isa = PBXFileReference; lastKnownFileType = sourcecode.swift; path = Captcha.swift; sourceTree = "<group>"; };
		FAFD672A243CC2590036A93D /* UIViewExtension.swift */ = {isa = PBXFileReference; lastKnownFileType = sourcecode.swift; path = UIViewExtension.swift; sourceTree = "<group>"; };
		FAFD672C243CC2D40036A93D /* Utilities.swift */ = {isa = PBXFileReference; lastKnownFileType = sourcecode.swift; path = Utilities.swift; sourceTree = "<group>"; };
/* End PBXFileReference section */

/* Begin PBXFrameworksBuildPhase section */
		0B259B0923ABA5CF00364DBE /* Frameworks */ = {
			isa = PBXFrameworksBuildPhase;
			buildActionMask = 2147483647;
			files = (
				97D48B3696752A9DE281CE89 /* Pods_ProgrammaticPageControl.framework in Frameworks */,
			);
			runOnlyForDeploymentPostprocessing = 0;
		};
		0B259B1D23ABA5D900364DBE /* Frameworks */ = {
			isa = PBXFrameworksBuildPhase;
			buildActionMask = 2147483647;
			files = (
				7E8A5BE69D1DB613C85E123E /* Pods_ProgrammaticPageControlTests.framework in Frameworks */,
			);
			runOnlyForDeploymentPostprocessing = 0;
		};
		0B259B2823ABA5D900364DBE /* Frameworks */ = {
			isa = PBXFrameworksBuildPhase;
			buildActionMask = 2147483647;
			files = (
				DD28B2FBE1521E887FDE8832 /* Pods_ProgrammaticPageControl_ProgrammaticPageControlUITests.framework in Frameworks */,
			);
			runOnlyForDeploymentPostprocessing = 0;
		};
/* End PBXFrameworksBuildPhase section */

/* Begin PBXGroup section */
		00117A34358106FE0E16FD70 /* Frameworks */ = {
			isa = PBXGroup;
			children = (
				B6425ED7D524BDFE4AD18172 /* Pods_ProgrammaticPageControl.framework */,
				8C677F7B86DFC80E7C734240 /* Pods_ProgrammaticPageControl_ProgrammaticPageControlUITests.framework */,
				DB556F056EDBFFEB5CF3BCAE /* Pods_ProgrammaticPageControlTests.framework */,
			);
			name = Frameworks;
			sourceTree = "<group>";
		};
		0B082E4F23B0FA6400DD6B27 /* KeranjangBar */ = {
			isa = PBXGroup;
			children = (
				0B5EF01A23AC7BE6002132A6 /* Page.swift */,
				0B5EF01823AC7413002132A6 /* PageCell.swift */,
				0B5EF01623AC6B3F002132A6 /* SwipingController.swift */,
			);
			path = KeranjangBar;
			sourceTree = "<group>";
		};
		0B0AA8C623B2135300487ACE /* BerandaBar */ = {
			isa = PBXGroup;
			children = (
				0B0AA8C723B2138500487ACE /* Beranda.swift */,
				0BD8E4A423B4B7E1003AB33C /* FirstCell.swift */,
			);
			path = BerandaBar;
			sourceTree = "<group>";
		};
		0B0AA8C923B21A8900487ACE /* Pesan */ = {
			isa = PBXGroup;
			children = (
				0B0AA8CA23B21AAD00487ACE /* Pesan.swift */,
			);
			path = Pesan;
			sourceTree = "<group>";
		};
		0B259B0323ABA5CF00364DBE = {
			isa = PBXGroup;
			children = (
				0B259B0E23ABA5CF00364DBE /* ProgrammaticPageControl */,
				0B259B2323ABA5D900364DBE /* ProgrammaticPageControlTests */,
				0B259B2E23ABA5D900364DBE /* ProgrammaticPageControlUITests */,
				0B259B0D23ABA5CF00364DBE /* Products */,
				76071183CE5FAA43297CAD37 /* Pods */,
				00117A34358106FE0E16FD70 /* Frameworks */,
			);
			sourceTree = "<group>";
		};
		0B259B0D23ABA5CF00364DBE /* Products */ = {
			isa = PBXGroup;
			children = (
				0B259B0C23ABA5CF00364DBE /* ProgrammaticPageControl.app */,
				0B259B2023ABA5D900364DBE /* ProgrammaticPageControlTests.xctest */,
				0B259B2B23ABA5D900364DBE /* ProgrammaticPageControlUITests.xctest */,
			);
			name = Products;
			sourceTree = "<group>";
		};
		0B259B0E23ABA5CF00364DBE /* ProgrammaticPageControl */ = {
			isa = PBXGroup;
			children = (
				FAB2D07823F2FFAD0051F3D6 /* TopTabBarProgrammatic */,
				FAB2D06B23F251DB0051F3D6 /* TopTabBarStoryboard */,
				0BD8E49F23B463A3003AB33C /* UIKit */,
				0B0AA8C923B21A8900487ACE /* Pesan */,
				0B0AA8C623B2135300487ACE /* BerandaBar */,
				0B082E4F23B0FA6400DD6B27 /* KeranjangBar */,
				0B259B0F23ABA5CF00364DBE /* AppDelegate.swift */,
				0B259B1123ABA5CF00364DBE /* ViewController.swift */,
				0B259B1323ABA5CF00364DBE /* Main.storyboard */,
				0B259B1623ABA5D900364DBE /* Assets.xcassets */,
				0B259B1823ABA5D900364DBE /* LaunchScreen.storyboard */,
				0B259B1B23ABA5D900364DBE /* Info.plist */,
				0B3B2CB023AE635900A1A4EC /* HomeTabBarController.swift */,
				FA915C282436F397003E6784 /* Switcher.swift */,
				FAFD6728243CC1FA0036A93D /* Captcha.swift */,
				0B1E335425DE8E27000558B6 /* FirstController.swift */,
				0B1E335C25DE9B65000558B6 /* DebuggerSwiftUI.swift */,
				0B1E336125DFC652000558B6 /* WelcomeController.swift */,
			);
			path = ProgrammaticPageControl;
			sourceTree = "<group>";
		};
		0B259B2323ABA5D900364DBE /* ProgrammaticPageControlTests */ = {
			isa = PBXGroup;
			children = (
				0B259B2423ABA5D900364DBE /* ProgrammaticPageControlTests.swift */,
				0B259B2623ABA5D900364DBE /* Info.plist */,
			);
			path = ProgrammaticPageControlTests;
			sourceTree = "<group>";
		};
		0B259B2E23ABA5D900364DBE /* ProgrammaticPageControlUITests */ = {
			isa = PBXGroup;
			children = (
				0B259B2F23ABA5D900364DBE /* ProgrammaticPageControlUITests.swift */,
				0B259B3123ABA5D900364DBE /* Info.plist */,
			);
			path = ProgrammaticPageControlUITests;
			sourceTree = "<group>";
		};
		0BD8E49F23B463A3003AB33C /* UIKit */ = {
			isa = PBXGroup;
			children = (
				0BD8E4A023B463C7003AB33C /* UIConstraints.swift */,
				0BD8E4A223B463E7003AB33C /* UIColor.swift */,
				FAFD672A243CC2590036A93D /* UIViewExtension.swift */,
				FAFD672C243CC2D40036A93D /* Utilities.swift */,
			);
			path = UIKit;
			sourceTree = "<group>";
		};
		76071183CE5FAA43297CAD37 /* Pods */ = {
			isa = PBXGroup;
			children = (
				98393380DFEF407499CB19FD /* Pods-ProgrammaticPageControl.debug.xcconfig */,
				2D4AD157F8D6DD68443F805D /* Pods-ProgrammaticPageControl.release.xcconfig */,
				3136595AA084326F3EABF000 /* Pods-ProgrammaticPageControl-ProgrammaticPageControlUITests.debug.xcconfig */,
				0C5E41548540C547D4A3ADC9 /* Pods-ProgrammaticPageControl-ProgrammaticPageControlUITests.release.xcconfig */,
				F1E6F7C71D14FDC33B5EE2E3 /* Pods-ProgrammaticPageControlTests.debug.xcconfig */,
				C8AB134314AED6D420063B94 /* Pods-ProgrammaticPageControlTests.release.xcconfig */,
			);
			path = Pods;
			sourceTree = "<group>";
		};
		FAB2D06B23F251DB0051F3D6 /* TopTabBarStoryboard */ = {
			isa = PBXGroup;
			children = (
				FAB2D06C23F253500051F3D6 /* MainTopTabBar.swift */,
				FAB2D06E23F266A90051F3D6 /* Child1.swift */,
				FAB2D07023F266BB0051F3D6 /* Child2.swift */,
				FAB2D07223F266CF0051F3D6 /* Child3.swift */,
				FAB2D07423F266DF0051F3D6 /* Child4.swift */,
				FAB2D07623F266F10051F3D6 /* Child5.swift */,
			);
			path = TopTabBarStoryboard;
			sourceTree = "<group>";
		};
		FAB2D07823F2FFAD0051F3D6 /* TopTabBarProgrammatic */ = {
			isa = PBXGroup;
			children = (
				FAB2D07923F300540051F3D6 /* TopTabBarMain.swift */,
				FAB2D07B23F300670051F3D6 /* ChildOne.swift */,
				FAB2D07D23F300750051F3D6 /* ChildTwo.swift */,
				FAB2D07F23F300850051F3D6 /* ChildThree.swift */,
				FAB2D08123F300940051F3D6 /* ChildFour.swift */,
				FAB2D08323F300A40051F3D6 /* ChildFive.swift */,
			);
			path = TopTabBarProgrammatic;
			sourceTree = "<group>";
		};
/* End PBXGroup section */

/* Begin PBXNativeTarget section */
		0B259B0B23ABA5CF00364DBE /* ProgrammaticPageControl */ = {
			isa = PBXNativeTarget;
			buildConfigurationList = 0B259B3423ABA5D900364DBE /* Build configuration list for PBXNativeTarget "ProgrammaticPageControl" */;
			buildPhases = (
				F265EDA0ABFD04D310C09F4C /* [CP] Check Pods Manifest.lock */,
				0B259B0823ABA5CF00364DBE /* Sources */,
				0B259B0923ABA5CF00364DBE /* Frameworks */,
				0B259B0A23ABA5CF00364DBE /* Resources */,
				0D602F037CB4E6BBB05DD494 /* [CP] Embed Pods Frameworks */,
			);
			buildRules = (
			);
			dependencies = (
			);
			name = ProgrammaticPageControl;
			productName = ProgrammaticPageControl;
			productReference = 0B259B0C23ABA5CF00364DBE /* ProgrammaticPageControl.app */;
			productType = "com.apple.product-type.application";
		};
		0B259B1F23ABA5D900364DBE /* ProgrammaticPageControlTests */ = {
			isa = PBXNativeTarget;
			buildConfigurationList = 0B259B3723ABA5D900364DBE /* Build configuration list for PBXNativeTarget "ProgrammaticPageControlTests" */;
			buildPhases = (
				24618E673044E326F2C17C46 /* [CP] Check Pods Manifest.lock */,
				0B259B1C23ABA5D900364DBE /* Sources */,
				0B259B1D23ABA5D900364DBE /* Frameworks */,
				0B259B1E23ABA5D900364DBE /* Resources */,
			);
			buildRules = (
			);
			dependencies = (
				0B259B2223ABA5D900364DBE /* PBXTargetDependency */,
			);
			name = ProgrammaticPageControlTests;
			productName = ProgrammaticPageControlTests;
			productReference = 0B259B2023ABA5D900364DBE /* ProgrammaticPageControlTests.xctest */;
			productType = "com.apple.product-type.bundle.unit-test";
		};
		0B259B2A23ABA5D900364DBE /* ProgrammaticPageControlUITests */ = {
			isa = PBXNativeTarget;
			buildConfigurationList = 0B259B3A23ABA5D900364DBE /* Build configuration list for PBXNativeTarget "ProgrammaticPageControlUITests" */;
			buildPhases = (
				BFE83FF484AB2D18E89454AF /* [CP] Check Pods Manifest.lock */,
				0B259B2723ABA5D900364DBE /* Sources */,
				0B259B2823ABA5D900364DBE /* Frameworks */,
				0B259B2923ABA5D900364DBE /* Resources */,
				AA059DFF9C2A5A312A23620C /* [CP] Embed Pods Frameworks */,
			);
			buildRules = (
			);
			dependencies = (
				0B259B2D23ABA5D900364DBE /* PBXTargetDependency */,
			);
			name = ProgrammaticPageControlUITests;
			productName = ProgrammaticPageControlUITests;
			productReference = 0B259B2B23ABA5D900364DBE /* ProgrammaticPageControlUITests.xctest */;
			productType = "com.apple.product-type.bundle.ui-testing";
		};
/* End PBXNativeTarget section */

/* Begin PBXProject section */
		0B259B0423ABA5CF00364DBE /* Project object */ = {
			isa = PBXProject;
			attributes = {
				LastSwiftUpdateCheck = 1030;
				LastUpgradeCheck = 1030;
				ORGANIZATIONNAME = "sayyid maulana khakul yakin";
				TargetAttributes = {
					0B259B0B23ABA5CF00364DBE = {
						CreatedOnToolsVersion = 10.3;
					};
					0B259B1F23ABA5D900364DBE = {
						CreatedOnToolsVersion = 10.3;
						TestTargetID = 0B259B0B23ABA5CF00364DBE;
					};
					0B259B2A23ABA5D900364DBE = {
						CreatedOnToolsVersion = 10.3;
						TestTargetID = 0B259B0B23ABA5CF00364DBE;
					};
				};
			};
			buildConfigurationList = 0B259B0723ABA5CF00364DBE /* Build configuration list for PBXProject "ProgrammaticPageControl" */;
			compatibilityVersion = "Xcode 9.3";
			developmentRegion = en;
			hasScannedForEncodings = 0;
			knownRegions = (
				en,
				Base,
			);
			mainGroup = 0B259B0323ABA5CF00364DBE;
			productRefGroup = 0B259B0D23ABA5CF00364DBE /* Products */;
			projectDirPath = "";
			projectRoot = "";
			targets = (
				0B259B0B23ABA5CF00364DBE /* ProgrammaticPageControl */,
				0B259B1F23ABA5D900364DBE /* ProgrammaticPageControlTests */,
				0B259B2A23ABA5D900364DBE /* ProgrammaticPageControlUITests */,
			);
		};
/* End PBXProject section */

/* Begin PBXResourcesBuildPhase section */
		0B259B0A23ABA5CF00364DBE /* Resources */ = {
			isa = PBXResourcesBuildPhase;
			buildActionMask = 2147483647;
			files = (
				0B259B1A23ABA5D900364DBE /* LaunchScreen.storyboard in Resources */,
				0B259B1723ABA5D900364DBE /* Assets.xcassets in Resources */,
				0B259B1523ABA5CF00364DBE /* Main.storyboard in Resources */,
			);
			runOnlyForDeploymentPostprocessing = 0;
		};
		0B259B1E23ABA5D900364DBE /* Resources */ = {
			isa = PBXResourcesBuildPhase;
			buildActionMask = 2147483647;
			files = (
			);
			runOnlyForDeploymentPostprocessing = 0;
		};
		0B259B2923ABA5D900364DBE /* Resources */ = {
			isa = PBXResourcesBuildPhase;
			buildActionMask = 2147483647;
			files = (
			);
			runOnlyForDeploymentPostprocessing = 0;
		};
/* End PBXResourcesBuildPhase section */

/* Begin PBXShellScriptBuildPhase section */
		0D602F037CB4E6BBB05DD494 /* [CP] Embed Pods Frameworks */ = {
			isa = PBXShellScriptBuildPhase;
			buildActionMask = 2147483647;
			files = (
			);
			inputFileListPaths = (
				"${PODS_ROOT}/Target Support Files/Pods-ProgrammaticPageControl/Pods-ProgrammaticPageControl-frameworks-${CONFIGURATION}-input-files.xcfilelist",
			);
			name = "[CP] Embed Pods Frameworks";
			outputFileListPaths = (
				"${PODS_ROOT}/Target Support Files/Pods-ProgrammaticPageControl/Pods-ProgrammaticPageControl-frameworks-${CONFIGURATION}-output-files.xcfilelist",
			);
			runOnlyForDeploymentPostprocessing = 0;
			shellPath = /bin/sh;
			shellScript = "\"${PODS_ROOT}/Target Support Files/Pods-ProgrammaticPageControl/Pods-ProgrammaticPageControl-frameworks.sh\"\n";
			showEnvVarsInLog = 0;
		};
		24618E673044E326F2C17C46 /* [CP] Check Pods Manifest.lock */ = {
			isa = PBXShellScriptBuildPhase;
			buildActionMask = 2147483647;
			files = (
			);
			inputFileListPaths = (
			);
			inputPaths = (
				"${PODS_PODFILE_DIR_PATH}/Podfile.lock",
				"${PODS_ROOT}/Manifest.lock",
			);
			name = "[CP] Check Pods Manifest.lock";
			outputFileListPaths = (
			);
			outputPaths = (
				"$(DERIVED_FILE_DIR)/Pods-ProgrammaticPageControlTests-checkManifestLockResult.txt",
			);
			runOnlyForDeploymentPostprocessing = 0;
			shellPath = /bin/sh;
			shellScript = "diff \"${PODS_PODFILE_DIR_PATH}/Podfile.lock\" \"${PODS_ROOT}/Manifest.lock\" > /dev/null\nif [ $? != 0 ] ; then\n    # print error to STDERR\n    echo \"error: The sandbox is not in sync with the Podfile.lock. Run 'pod install' or update your CocoaPods installation.\" >&2\n    exit 1\nfi\n# This output is used by Xcode 'outputs' to avoid re-running this script phase.\necho \"SUCCESS\" > \"${SCRIPT_OUTPUT_FILE_0}\"\n";
			showEnvVarsInLog = 0;
		};
		AA059DFF9C2A5A312A23620C /* [CP] Embed Pods Frameworks */ = {
			isa = PBXShellScriptBuildPhase;
			buildActionMask = 2147483647;
			files = (
			);
			inputFileListPaths = (
				"${PODS_ROOT}/Target Support Files/Pods-ProgrammaticPageControl-ProgrammaticPageControlUITests/Pods-ProgrammaticPageControl-ProgrammaticPageControlUITests-frameworks-${CONFIGURATION}-input-files.xcfilelist",
			);
			name = "[CP] Embed Pods Frameworks";
			outputFileListPaths = (
				"${PODS_ROOT}/Target Support Files/Pods-ProgrammaticPageControl-ProgrammaticPageControlUITests/Pods-ProgrammaticPageControl-ProgrammaticPageControlUITests-frameworks-${CONFIGURATION}-output-files.xcfilelist",
			);
			runOnlyForDeploymentPostprocessing = 0;
			shellPath = /bin/sh;
			shellScript = "\"${PODS_ROOT}/Target Support Files/Pods-ProgrammaticPageControl-ProgrammaticPageControlUITests/Pods-ProgrammaticPageControl-ProgrammaticPageControlUITests-frameworks.sh\"\n";
			showEnvVarsInLog = 0;
		};
		BFE83FF484AB2D18E89454AF /* [CP] Check Pods Manifest.lock */ = {
			isa = PBXShellScriptBuildPhase;
			buildActionMask = 2147483647;
			files = (
			);
			inputFileListPaths = (
			);
			inputPaths = (
				"${PODS_PODFILE_DIR_PATH}/Podfile.lock",
				"${PODS_ROOT}/Manifest.lock",
			);
			name = "[CP] Check Pods Manifest.lock";
			outputFileListPaths = (
			);
			outputPaths = (
				"$(DERIVED_FILE_DIR)/Pods-ProgrammaticPageControl-ProgrammaticPageControlUITests-checkManifestLockResult.txt",
			);
			runOnlyForDeploymentPostprocessing = 0;
			shellPath = /bin/sh;
			shellScript = "diff \"${PODS_PODFILE_DIR_PATH}/Podfile.lock\" \"${PODS_ROOT}/Manifest.lock\" > /dev/null\nif [ $? != 0 ] ; then\n    # print error to STDERR\n    echo \"error: The sandbox is not in sync with the Podfile.lock. Run 'pod install' or update your CocoaPods installation.\" >&2\n    exit 1\nfi\n# This output is used by Xcode 'outputs' to avoid re-running this script phase.\necho \"SUCCESS\" > \"${SCRIPT_OUTPUT_FILE_0}\"\n";
			showEnvVarsInLog = 0;
		};
		F265EDA0ABFD04D310C09F4C /* [CP] Check Pods Manifest.lock */ = {
			isa = PBXShellScriptBuildPhase;
			buildActionMask = 2147483647;
			files = (
			);
			inputFileListPaths = (
			);
			inputPaths = (
				"${PODS_PODFILE_DIR_PATH}/Podfile.lock",
				"${PODS_ROOT}/Manifest.lock",
			);
			name = "[CP] Check Pods Manifest.lock";
			outputFileListPaths = (
			);
			outputPaths = (
				"$(DERIVED_FILE_DIR)/Pods-ProgrammaticPageControl-checkManifestLockResult.txt",
			);
			runOnlyForDeploymentPostprocessing = 0;
			shellPath = /bin/sh;
			shellScript = "diff \"${PODS_PODFILE_DIR_PATH}/Podfile.lock\" \"${PODS_ROOT}/Manifest.lock\" > /dev/null\nif [ $? != 0 ] ; then\n    # print error to STDERR\n    echo \"error: The sandbox is not in sync with the Podfile.lock. Run 'pod install' or update your CocoaPods installation.\" >&2\n    exit 1\nfi\n# This output is used by Xcode 'outputs' to avoid re-running this script phase.\necho \"SUCCESS\" > \"${SCRIPT_OUTPUT_FILE_0}\"\n";
			showEnvVarsInLog = 0;
		};
/* End PBXShellScriptBuildPhase section */

/* Begin PBXSourcesBuildPhase section */
		0B259B0823ABA5CF00364DBE /* Sources */ = {
			isa = PBXSourcesBuildPhase;
			buildActionMask = 2147483647;
			files = (
				FAB2D06F23F266A90051F3D6 /* Child1.swift in Sources */,
				0B259B1223ABA5CF00364DBE /* ViewController.swift in Sources */,
				FAFD6729243CC1FA0036A93D /* Captcha.swift in Sources */,
				FA915C292436F397003E6784 /* Switcher.swift in Sources */,
				0B1E335525DE8E27000558B6 /* FirstController.swift in Sources */,
				0B259B1023ABA5CF00364DBE /* AppDelegate.swift in Sources */,
				0B1E336225DFC653000558B6 /* WelcomeController.swift in Sources */,
				FAB2D07323F266CF0051F3D6 /* Child3.swift in Sources */,
				FAB2D07123F266BB0051F3D6 /* Child2.swift in Sources */,
				FAB2D07723F266F10051F3D6 /* Child5.swift in Sources */,
				0B1E335D25DE9B65000558B6 /* DebuggerSwiftUI.swift in Sources */,
				FAB2D07A23F300540051F3D6 /* TopTabBarMain.swift in Sources */,
				FAB2D08023F300850051F3D6 /* ChildThree.swift in Sources */,
				0BD8E4A523B4B7E1003AB33C /* FirstCell.swift in Sources */,
				0B3B2CB123AE635900A1A4EC /* HomeTabBarController.swift in Sources */,
				0B0AA8C823B2138500487ACE /* Beranda.swift in Sources */,
				0BD8E4A123B463C7003AB33C /* UIConstraints.swift in Sources */,
				FAB2D08223F300940051F3D6 /* ChildFour.swift in Sources */,
				FAFD672D243CC2D40036A93D /* Utilities.swift in Sources */,
				FAB2D07E23F300750051F3D6 /* ChildTwo.swift in Sources */,
				FAB2D08423F300A40051F3D6 /* ChildFive.swift in Sources */,
				0B5EF01923AC7413002132A6 /* PageCell.swift in Sources */,
				0B0AA8CB23B21AAD00487ACE /* Pesan.swift in Sources */,
				0B5EF01723AC6B3F002132A6 /* SwipingController.swift in Sources */,
				0B5EF01B23AC7BE6002132A6 /* Page.swift in Sources */,
				FAB2D06D23F253500051F3D6 /* MainTopTabBar.swift in Sources */,
				FAFD672B243CC2590036A93D /* UIViewExtension.swift in Sources */,
				0BD8E4A323B463E7003AB33C /* UIColor.swift in Sources */,
				FAB2D07523F266DF0051F3D6 /* Child4.swift in Sources */,
				FAB2D07C23F300670051F3D6 /* ChildOne.swift in Sources */,
			);
			runOnlyForDeploymentPostprocessing = 0;
		};
		0B259B1C23ABA5D900364DBE /* Sources */ = {
			isa = PBXSourcesBuildPhase;
			buildActionMask = 2147483647;
			files = (
				0B259B2523ABA5D900364DBE /* ProgrammaticPageControlTests.swift in Sources */,
			);
			runOnlyForDeploymentPostprocessing = 0;
		};
		0B259B2723ABA5D900364DBE /* Sources */ = {
			isa = PBXSourcesBuildPhase;
			buildActionMask = 2147483647;
			files = (
				0B259B3023ABA5D900364DBE /* ProgrammaticPageControlUITests.swift in Sources */,
			);
			runOnlyForDeploymentPostprocessing = 0;
		};
/* End PBXSourcesBuildPhase section */

/* Begin PBXTargetDependency section */
		0B259B2223ABA5D900364DBE /* PBXTargetDependency */ = {
			isa = PBXTargetDependency;
			target = 0B259B0B23ABA5CF00364DBE /* ProgrammaticPageControl */;
			targetProxy = 0B259B2123ABA5D900364DBE /* PBXContainerItemProxy */;
		};
		0B259B2D23ABA5D900364DBE /* PBXTargetDependency */ = {
			isa = PBXTargetDependency;
			target = 0B259B0B23ABA5CF00364DBE /* ProgrammaticPageControl */;
			targetProxy = 0B259B2C23ABA5D900364DBE /* PBXContainerItemProxy */;
		};
/* End PBXTargetDependency section */

/* Begin PBXVariantGroup section */
		0B259B1323ABA5CF00364DBE /* Main.storyboard */ = {
			isa = PBXVariantGroup;
			children = (
				0B259B1423ABA5CF00364DBE /* Base */,
			);
			name = Main.storyboard;
			sourceTree = "<group>";
		};
		0B259B1823ABA5D900364DBE /* LaunchScreen.storyboard */ = {
			isa = PBXVariantGroup;
			children = (
				0B259B1923ABA5D900364DBE /* Base */,
			);
			name = LaunchScreen.storyboard;
			sourceTree = "<group>";
		};
/* End PBXVariantGroup section */

/* Begin XCBuildConfiguration section */
		0B259B3223ABA5D900364DBE /* Debug */ = {
			isa = XCBuildConfiguration;
			buildSettings = {
				ALWAYS_SEARCH_USER_PATHS = NO;
				CLANG_ANALYZER_NONNULL = YES;
				CLANG_ANALYZER_NUMBER_OBJECT_CONVERSION = YES_AGGRESSIVE;
				CLANG_CXX_LANGUAGE_STANDARD = "gnu++14";
				CLANG_CXX_LIBRARY = "libc++";
				CLANG_ENABLE_MODULES = YES;
				CLANG_ENABLE_OBJC_ARC = YES;
				CLANG_ENABLE_OBJC_WEAK = YES;
				CLANG_WARN_BLOCK_CAPTURE_AUTORELEASING = YES;
				CLANG_WARN_BOOL_CONVERSION = YES;
				CLANG_WARN_COMMA = YES;
				CLANG_WARN_CONSTANT_CONVERSION = YES;
				CLANG_WARN_DEPRECATED_OBJC_IMPLEMENTATIONS = YES;
				CLANG_WARN_DIRECT_OBJC_ISA_USAGE = YES_ERROR;
				CLANG_WARN_DOCUMENTATION_COMMENTS = YES;
				CLANG_WARN_EMPTY_BODY = YES;
				CLANG_WARN_ENUM_CONVERSION = YES;
				CLANG_WARN_INFINITE_RECURSION = YES;
				CLANG_WARN_INT_CONVERSION = YES;
				CLANG_WARN_NON_LITERAL_NULL_CONVERSION = YES;
				CLANG_WARN_OBJC_IMPLICIT_RETAIN_SELF = YES;
				CLANG_WARN_OBJC_LITERAL_CONVERSION = YES;
				CLANG_WARN_OBJC_ROOT_CLASS = YES_ERROR;
				CLANG_WARN_RANGE_LOOP_ANALYSIS = YES;
				CLANG_WARN_STRICT_PROTOTYPES = YES;
				CLANG_WARN_SUSPICIOUS_MOVE = YES;
				CLANG_WARN_UNGUARDED_AVAILABILITY = YES_AGGRESSIVE;
				CLANG_WARN_UNREACHABLE_CODE = YES;
				CLANG_WARN__DUPLICATE_METHOD_MATCH = YES;
				CODE_SIGN_IDENTITY = "iPhone Developer";
				COPY_PHASE_STRIP = NO;
				DEBUG_INFORMATION_FORMAT = dwarf;
				ENABLE_STRICT_OBJC_MSGSEND = YES;
				ENABLE_TESTABILITY = YES;
				GCC_C_LANGUAGE_STANDARD = gnu11;
				GCC_DYNAMIC_NO_PIC = NO;
				GCC_NO_COMMON_BLOCKS = YES;
				GCC_OPTIMIZATION_LEVEL = 0;
				GCC_PREPROCESSOR_DEFINITIONS = (
					"DEBUG=1",
					"$(inherited)",
				);
				GCC_WARN_64_TO_32_BIT_CONVERSION = YES;
				GCC_WARN_ABOUT_RETURN_TYPE = YES_ERROR;
				GCC_WARN_UNDECLARED_SELECTOR = YES;
				GCC_WARN_UNINITIALIZED_AUTOS = YES_AGGRESSIVE;
				GCC_WARN_UNUSED_FUNCTION = YES;
				GCC_WARN_UNUSED_VARIABLE = YES;
				IPHONEOS_DEPLOYMENT_TARGET = 12.4;
				MTL_ENABLE_DEBUG_INFO = INCLUDE_SOURCE;
				MTL_FAST_MATH = YES;
				ONLY_ACTIVE_ARCH = YES;
				SDKROOT = iphoneos;
				SWIFT_ACTIVE_COMPILATION_CONDITIONS = DEBUG;
				SWIFT_OPTIMIZATION_LEVEL = "-Onone";
			};
			name = Debug;
		};
		0B259B3323ABA5D900364DBE /* Release */ = {
			isa = XCBuildConfiguration;
			buildSettings = {
				ALWAYS_SEARCH_USER_PATHS = NO;
				CLANG_ANALYZER_NONNULL = YES;
				CLANG_ANALYZER_NUMBER_OBJECT_CONVERSION = YES_AGGRESSIVE;
				CLANG_CXX_LANGUAGE_STANDARD = "gnu++14";
				CLANG_CXX_LIBRARY = "libc++";
				CLANG_ENABLE_MODULES = YES;
				CLANG_ENABLE_OBJC_ARC = YES;
				CLANG_ENABLE_OBJC_WEAK = YES;
				CLANG_WARN_BLOCK_CAPTURE_AUTORELEASING = YES;
				CLANG_WARN_BOOL_CONVERSION = YES;
				CLANG_WARN_COMMA = YES;
				CLANG_WARN_CONSTANT_CONVERSION = YES;
				CLANG_WARN_DEPRECATED_OBJC_IMPLEMENTATIONS = YES;
				CLANG_WARN_DIRECT_OBJC_ISA_USAGE = YES_ERROR;
				CLANG_WARN_DOCUMENTATION_COMMENTS = YES;
				CLANG_WARN_EMPTY_BODY = YES;
				CLANG_WARN_ENUM_CONVERSION = YES;
				CLANG_WARN_INFINITE_RECURSION = YES;
				CLANG_WARN_INT_CONVERSION = YES;
				CLANG_WARN_NON_LITERAL_NULL_CONVERSION = YES;
				CLANG_WARN_OBJC_IMPLICIT_RETAIN_SELF = YES;
				CLANG_WARN_OBJC_LITERAL_CONVERSION = YES;
				CLANG_WARN_OBJC_ROOT_CLASS = YES_ERROR;
				CLANG_WARN_RANGE_LOOP_ANALYSIS = YES;
				CLANG_WARN_STRICT_PROTOTYPES = YES;
				CLANG_WARN_SUSPICIOUS_MOVE = YES;
				CLANG_WARN_UNGUARDED_AVAILABILITY = YES_AGGRESSIVE;
				CLANG_WARN_UNREACHABLE_CODE = YES;
				CLANG_WARN__DUPLICATE_METHOD_MATCH = YES;
				CODE_SIGN_IDENTITY = "iPhone Developer";
				COPY_PHASE_STRIP = NO;
				DEBUG_INFORMATION_FORMAT = "dwarf-with-dsym";
				ENABLE_NS_ASSERTIONS = NO;
				ENABLE_STRICT_OBJC_MSGSEND = YES;
				GCC_C_LANGUAGE_STANDARD = gnu11;
				GCC_NO_COMMON_BLOCKS = YES;
				GCC_WARN_64_TO_32_BIT_CONVERSION = YES;
				GCC_WARN_ABOUT_RETURN_TYPE = YES_ERROR;
				GCC_WARN_UNDECLARED_SELECTOR = YES;
				GCC_WARN_UNINITIALIZED_AUTOS = YES_AGGRESSIVE;
				GCC_WARN_UNUSED_FUNCTION = YES;
				GCC_WARN_UNUSED_VARIABLE = YES;
				IPHONEOS_DEPLOYMENT_TARGET = 12.4;
				MTL_ENABLE_DEBUG_INFO = NO;
				MTL_FAST_MATH = YES;
				SDKROOT = iphoneos;
				SWIFT_COMPILATION_MODE = wholemodule;
				SWIFT_OPTIMIZATION_LEVEL = "-O";
				VALIDATE_PRODUCT = YES;
			};
			name = Release;
		};
		0B259B3523ABA5D900364DBE /* Debug */ = {
			isa = XCBuildConfiguration;
			baseConfigurationReference = 98393380DFEF407499CB19FD /* Pods-ProgrammaticPageControl.debug.xcconfig */;
			buildSettings = {
				ASSETCATALOG_COMPILER_APPICON_NAME = AppIcon;
				CODE_SIGN_STYLE = Automatic;
				INFOPLIST_FILE = ProgrammaticPageControl/Info.plist;
				LD_RUNPATH_SEARCH_PATHS = (
					"$(inherited)",
					"@executable_path/Frameworks",
				);
				PRODUCT_BUNDLE_IDENTIFIER = com.gugugaga.ProgrammaticPageControl;
				PRODUCT_NAME = "$(TARGET_NAME)";
				SWIFT_VERSION = 5.0;
				TARGETED_DEVICE_FAMILY = "1,2";
			};
			name = Debug;
		};
		0B259B3623ABA5D900364DBE /* Release */ = {
			isa = XCBuildConfiguration;
			baseConfigurationReference = 2D4AD157F8D6DD68443F805D /* Pods-ProgrammaticPageControl.release.xcconfig */;
			buildSettings = {
				ASSETCATALOG_COMPILER_APPICON_NAME = AppIcon;
				CODE_SIGN_STYLE = Automatic;
				INFOPLIST_FILE = ProgrammaticPageControl/Info.plist;
				LD_RUNPATH_SEARCH_PATHS = (
					"$(inherited)",
					"@executable_path/Frameworks",
				);
				PRODUCT_BUNDLE_IDENTIFIER = com.gugugaga.ProgrammaticPageControl;
				PRODUCT_NAME = "$(TARGET_NAME)";
				SWIFT_VERSION = 5.0;
				TARGETED_DEVICE_FAMILY = "1,2";
			};
			name = Release;
		};
		0B259B3823ABA5D900364DBE /* Debug */ = {
			isa = XCBuildConfiguration;
			baseConfigurationReference = F1E6F7C71D14FDC33B5EE2E3 /* Pods-ProgrammaticPageControlTests.debug.xcconfig */;
			buildSettings = {
				ALWAYS_EMBED_SWIFT_STANDARD_LIBRARIES = YES;
				BUNDLE_LOADER = "$(TEST_HOST)";
				CODE_SIGN_STYLE = Automatic;
				INFOPLIST_FILE = ProgrammaticPageControlTests/Info.plist;
				LD_RUNPATH_SEARCH_PATHS = (
					"$(inherited)",
					"@executable_path/Frameworks",
					"@loader_path/Frameworks",
				);
				PRODUCT_BUNDLE_IDENTIFIER = com.gugugaga.ProgrammaticPageControlTests;
				PRODUCT_NAME = "$(TARGET_NAME)";
				SWIFT_VERSION = 5.0;
				TARGETED_DEVICE_FAMILY = "1,2";
				TEST_HOST = "$(BUILT_PRODUCTS_DIR)/ProgrammaticPageControl.app/ProgrammaticPageControl";
			};
			name = Debug;
		};
		0B259B3923ABA5D900364DBE /* Release */ = {
			isa = XCBuildConfiguration;
			baseConfigurationReference = C8AB134314AED6D420063B94 /* Pods-ProgrammaticPageControlTests.release.xcconfig */;
			buildSettings = {
				ALWAYS_EMBED_SWIFT_STANDARD_LIBRARIES = YES;
				BUNDLE_LOADER = "$(TEST_HOST)";
				CODE_SIGN_STYLE = Automatic;
				INFOPLIST_FILE = ProgrammaticPageControlTests/Info.plist;
				LD_RUNPATH_SEARCH_PATHS = (
					"$(inherited)",
					"@executable_path/Frameworks",
					"@loader_path/Frameworks",
				);
				PRODUCT_BUNDLE_IDENTIFIER = com.gugugaga.ProgrammaticPageControlTests;
				PRODUCT_NAME = "$(TARGET_NAME)";
				SWIFT_VERSION = 5.0;
				TARGETED_DEVICE_FAMILY = "1,2";
				TEST_HOST = "$(BUILT_PRODUCTS_DIR)/ProgrammaticPageControl.app/ProgrammaticPageControl";
			};
			name = Release;
		};
		0B259B3B23ABA5D900364DBE /* Debug */ = {
			isa = XCBuildConfiguration;
			baseConfigurationReference = 3136595AA084326F3EABF000 /* Pods-ProgrammaticPageControl-ProgrammaticPageControlUITests.debug.xcconfig */;
			buildSettings = {
				ALWAYS_EMBED_SWIFT_STANDARD_LIBRARIES = YES;
				CODE_SIGN_STYLE = Automatic;
				INFOPLIST_FILE = ProgrammaticPageControlUITests/Info.plist;
				LD_RUNPATH_SEARCH_PATHS = (
					"$(inherited)",
					"@executable_path/Frameworks",
					"@loader_path/Frameworks",
				);
				PRODUCT_BUNDLE_IDENTIFIER = com.gugugaga.ProgrammaticPageControlUITests;
				PRODUCT_NAME = "$(TARGET_NAME)";
				SWIFT_VERSION = 5.0;
				TARGETED_DEVICE_FAMILY = "1,2";
				TEST_TARGET_NAME = ProgrammaticPageControl;
			};
			name = Debug;
		};
		0B259B3C23ABA5D900364DBE /* Release */ = {
			isa = XCBuildConfiguration;
			baseConfigurationReference = 0C5E41548540C547D4A3ADC9 /* Pods-ProgrammaticPageControl-ProgrammaticPageControlUITests.release.xcconfig */;
			buildSettings = {
				ALWAYS_EMBED_SWIFT_STANDARD_LIBRARIES = YES;
				CODE_SIGN_STYLE = Automatic;
				INFOPLIST_FILE = ProgrammaticPageControlUITests/Info.plist;
				LD_RUNPATH_SEARCH_PATHS = (
					"$(inherited)",
					"@executable_path/Frameworks",
					"@loader_path/Frameworks",
				);
				PRODUCT_BUNDLE_IDENTIFIER = com.gugugaga.ProgrammaticPageControlUITests;
				PRODUCT_NAME = "$(TARGET_NAME)";
				SWIFT_VERSION = 5.0;
				TARGETED_DEVICE_FAMILY = "1,2";
				TEST_TARGET_NAME = ProgrammaticPageControl;
			};
			name = Release;
		};
/* End XCBuildConfiguration section */

/* Begin XCConfigurationList section */
		0B259B0723ABA5CF00364DBE /* Build configuration list for PBXProject "ProgrammaticPageControl" */ = {
			isa = XCConfigurationList;
			buildConfigurations = (
				0B259B3223ABA5D900364DBE /* Debug */,
				0B259B3323ABA5D900364DBE /* Release */,
			);
			defaultConfigurationIsVisible = 0;
			defaultConfigurationName = Release;
		};
		0B259B3423ABA5D900364DBE /* Build configuration list for PBXNativeTarget "ProgrammaticPageControl" */ = {
			isa = XCConfigurationList;
			buildConfigurations = (
				0B259B3523ABA5D900364DBE /* Debug */,
				0B259B3623ABA5D900364DBE /* Release */,
			);
			defaultConfigurationIsVisible = 0;
			defaultConfigurationName = Release;
		};
		0B259B3723ABA5D900364DBE /* Build configuration list for PBXNativeTarget "ProgrammaticPageControlTests" */ = {
			isa = XCConfigurationList;
			buildConfigurations = (
				0B259B3823ABA5D900364DBE /* Debug */,
				0B259B3923ABA5D900364DBE /* Release */,
			);
			defaultConfigurationIsVisible = 0;
			defaultConfigurationName = Release;
		};
		0B259B3A23ABA5D900364DBE /* Build configuration list for PBXNativeTarget "ProgrammaticPageControlUITests" */ = {
			isa = XCConfigurationList;
			buildConfigurations = (
				0B259B3B23ABA5D900364DBE /* Debug */,
				0B259B3C23ABA5D900364DBE /* Release */,
			);
			defaultConfigurationIsVisible = 0;
			defaultConfigurationName = Release;
		};
/* End XCConfigurationList section */
	};
	rootObject = 0B259B0423ABA5CF00364DBE /* Project object */;
}
